
Microsoft Visual Studio Solution File, Format Version 12.00
# Visual Studio 15
VisualStudioVersion = 15.0.27130.2003
MinimumVisualStudioVersion = 10.0.40219.1
Project("{8BC9CEB8-8B4A-11D0-8D11-00A0C91BC942}") = "Learn-Interpreter", "Learn-Interpreter\Learn-Interpreter.vcxproj", "{B5104C31-BFA8-4E51-9F58-658DF2DD3960}"
EndProject
Global
	GlobalSection(SolutionConfigurationPlatforms) = preSolution
		Debug|x64 = Debug|x64
		Debug|x86 = Debug|x86
		Release|x64 = Release|x64
		Release|x86 = Release|x86
	EndGlobalSection
	GlobalSection(ProjectConfigurationPlatforms) = postSolution
		{B5104C31-BFA8-4E51-9F58-658DF2DD3960}.Debug|x64.ActiveCfg = Debug|x64
		{B5104C31-BFA8-4E51-9F58-658DF2DD3960}.Debug|x64.Build.0 = Debug|x64
		{B5104C31-BFA8-4E51-9F58-658DF2DD3960}.Debug|x86.ActiveCfg = Debug|Win32
		{B5104C31-BFA8-4E51-9F58-658DF2DD3960}.Debug|x86.Build.0 = Debug|Win32
		{B5104C31-BFA8-4E51-9F58-658DF2DD3960}.Release|x64.ActiveCfg = Release|x64
		{B5104C31-BFA8-4E51-9F58-658DF2DD3960}.Release|x64.Build.0 = Release|x64
		{B5104C31-BFA8-4E51-9F58-658DF2DD3960}.Release|x86.ActiveCfg = Release|Win32
		{B5104C31-BFA8-4E51-9F58-658DF2DD3960}.Release|x86.Build.0 = Release|Win32
	EndGlobalSection
	GlobalSection(SolutionProperties) = preSolution
		HideSolutionNode = FALSE
	EndGlobalSection
	GlobalSection(ExtensibilityGlobals) = postSolution
		SolutionGuid = {0E23BA43-28FE-4268-9EB8-44A8D0AD0D66}
	EndGlobalSection
EndGlobal
